
Microsoft Visual Studio Solution File, Format Version 12.00
# Visual Studio Version 16
VisualStudioVersion = 16.0.31702.278
MinimumVisualStudioVersion = 10.0.40219.1
Project("{FAE04EC0-301F-11D3-BF4B-00C04F79EFBC}") = "Mark2", "Mark2.csproj", "{ADD12DE7-0BE2-4E9E-8F20-90EFA6FBDE70}"
EndProject
Global
	GlobalSection(SolutionConfigurationPlatforms) = preSolution
		Debug|Any CPU = Debug|Any CPU
		Release|Any CPU = Release|Any CPU
	EndGlobalSection
	GlobalSection(ProjectConfigurationPlatforms) = postSolution
		{ADD12DE7-0BE2-4E9E-8F20-90EFA6FBDE70}.Debug|Any CPU.ActiveCfg = Debug|Any CPU
		{ADD12DE7-0BE2-4E9E-8F20-90EFA6FBDE70}.Debug|Any CPU.Build.0 = Debug|Any CPU
		{ADD12DE7-0BE2-4E9E-8F20-90EFA6FBDE70}.Release|Any CPU.ActiveCfg = Release|Any CPU
		{ADD12DE7-0BE2-4E9E-8F20-90EFA6FBDE70}.Release|Any CPU.Build.0 = Release|Any CPU
	EndGlobalSection
	GlobalSection(SolutionProperties) = preSolution
		HideSolutionNode = FALSE
	EndGlobalSection
	GlobalSection(ExtensibilityGlobals) = postSolution
		SolutionGuid = {BBB9337E-8B06-4363-88BC-5DE046A4FCA9}
	EndGlobalSection
EndGlobal
